{
  "object": {
    "pins": [
      {
        "package": "ColumnLayout",
        "repositoryURL": "https://github.com/majidboudaoud/ColumnLayout.git",
        "state": {
          "branch": null,
          "revision": "67f4e05d44ae6b4fa742b4b32da1910675ef63fe",
          "version": "1.0.1-alpha1"
        }
      }
    ]
  },
  "version": 1
}
